
Microsoft Visual Studio Solution File, Format Version 12.00
# Visual Studio 15
VisualStudioVersion = 15.0.26730.16
MinimumVisualStudioVersion = 10.0.40219.1
Project("{FAE04EC0-301F-11D3-BF4B-00C04F79EFBC}") = "MyFragment.Android", "MyFragment\MyFragment.Android\MyFragment.Android.csproj", "{3A5928F5-DC11-4EDD-931A-6334C027CA3B}"
EndProject
Project("{FAE04EC0-301F-11D3-BF4B-00C04F79EFBC}") = "MyFragment.iOS", "MyFragment\MyFragment.iOS\MyFragment.iOS.csproj", "{B74E73AD-1207-42C1-A86C-0DC28A85DFD0}"
EndProject
Project("{FAE04EC0-301F-11D3-BF4B-00C04F79EFBC}") = "MyFragment.UWP", "MyFragment\MyFragment.UWP\MyFragment.UWP.csproj", "{5B101065-4904-4CA7-B2DE-3D88B2C66089}"
EndProject
Project("{D954291E-2A0B-460D-934E-DC6B0785DB48}") = "MyFragment", "MyFragment\MyFragment\MyFragment.shproj", "{9F14094D-0072-4063-A1C8-B91A2D313A5B}"
EndProject
Global
	GlobalSection(SharedMSBuildProjectFiles) = preSolution
		MyFragment\MyFragment\MyFragment.projitems*{3a5928f5-dc11-4edd-931a-6334c027ca3b}*SharedItemsImports = 4
		MyFragment\MyFragment\MyFragment.projitems*{5b101065-4904-4ca7-b2de-3d88b2c66089}*SharedItemsImports = 4
		MyFragment\MyFragment\MyFragment.projitems*{9f14094d-0072-4063-a1c8-b91a2d313a5b}*SharedItemsImports = 13
		MyFragment\MyFragment\MyFragment.projitems*{b74e73ad-1207-42c1-a86c-0dc28a85dfd0}*SharedItemsImports = 4
	EndGlobalSection
	GlobalSection(SolutionConfigurationPlatforms) = preSolution
		Debug|Any CPU = Debug|Any CPU
		Debug|ARM = Debug|ARM
		Debug|iPhone = Debug|iPhone
		Debug|iPhoneSimulator = Debug|iPhoneSimulator
		Debug|x64 = Debug|x64
		Debug|x86 = Debug|x86
		Release|Any CPU = Release|Any CPU
		Release|ARM = Release|ARM
		Release|iPhone = Release|iPhone
		Release|iPhoneSimulator = Release|iPhoneSimulator
		Release|x64 = Release|x64
		Release|x86 = Release|x86
	EndGlobalSection
	GlobalSection(ProjectConfigurationPlatforms) = postSolution
		{3A5928F5-DC11-4EDD-931A-6334C027CA3B}.Debug|Any CPU.ActiveCfg = Debug|Any CPU
		{3A5928F5-DC11-4EDD-931A-6334C027CA3B}.Debug|Any CPU.Build.0 = Debug|Any CPU
		{3A5928F5-DC11-4EDD-931A-6334C027CA3B}.Debug|Any CPU.Deploy.0 = Debug|Any CPU
		{3A5928F5-DC11-4EDD-931A-6334C027CA3B}.Debug|ARM.ActiveCfg = Debug|Any CPU
		{3A5928F5-DC11-4EDD-931A-6334C027CA3B}.Debug|ARM.Build.0 = Debug|Any CPU
		{3A5928F5-DC11-4EDD-931A-6334C027CA3B}.Debug|ARM.Deploy.0 = Debug|Any CPU
		{3A5928F5-DC11-4EDD-931A-6334C027CA3B}.Debug|iPhone.ActiveCfg = Debug|Any CPU
		{3A5928F5-DC11-4EDD-931A-6334C027CA3B}.Debug|iPhone.Build.0 = Debug|Any CPU
		{3A5928F5-DC11-4EDD-931A-6334C027CA3B}.Debug|iPhone.Deploy.0 = Debug|Any CPU
		{3A5928F5-DC11-4EDD-931A-6334C027CA3B}.Debug|iPhoneSimulator.ActiveCfg = Debug|Any CPU
		{3A5928F5-DC11-4EDD-931A-6334C027CA3B}.Debug|iPhoneSimulator.Build.0 = Debug|Any CPU
		{3A5928F5-DC11-4EDD-931A-6334C027CA3B}.Debug|iPhoneSimulator.Deploy.0 = Debug|Any CPU
		{3A5928F5-DC11-4EDD-931A-6334C027CA3B}.Debug|x64.ActiveCfg = Debug|Any CPU
		{3A5928F5-DC11-4EDD-931A-6334C027CA3B}.Debug|x64.Build.0 = Debug|Any CPU
		{3A5928F5-DC11-4EDD-931A-6334C027CA3B}.Debug|x64.Deploy.0 = Debug|Any CPU
		{3A5928F5-DC11-4EDD-931A-6334C027CA3B}.Debug|x86.ActiveCfg = Debug|Any CPU
		{3A5928F5-DC11-4EDD-931A-6334C027CA3B}.Debug|x86.Build.0 = Debug|Any CPU
		{3A5928F5-DC11-4EDD-931A-6334C027CA3B}.Debug|x86.Deploy.0 = Debug|Any CPU
		{3A5928F5-DC11-4EDD-931A-6334C027CA3B}.Release|Any CPU.ActiveCfg = Release|Any CPU
		{3A5928F5-DC11-4EDD-931A-6334C027CA3B}.Release|Any CPU.Build.0 = Release|Any CPU
		{3A5928F5-DC11-4EDD-931A-6334C027CA3B}.Release|Any CPU.Deploy.0 = Release|Any CPU
		{3A5928F5-DC11-4EDD-931A-6334C027CA3B}.Release|ARM.ActiveCfg = Release|Any CPU
		{3A5928F5-DC11-4EDD-931A-6334C027CA3B}.Release|ARM.Build.0 = Release|Any CPU
		{3A5928F5-DC11-4EDD-931A-6334C027CA3B}.Release|ARM.Deploy.0 = Release|Any CPU
		{3A5928F5-DC11-4EDD-931A-6334C027CA3B}.Release|iPhone.ActiveCfg = Release|Any CPU
		{3A5928F5-DC11-4EDD-931A-6334C027CA3B}.Release|iPhone.Build.0 = Release|Any CPU
		{3A5928F5-DC11-4EDD-931A-6334C027CA3B}.Release|iPhone.Deploy.0 = Release|Any CPU
		{3A5928F5-DC11-4EDD-931A-6334C027CA3B}.Release|iPhoneSimulator.ActiveCfg = Release|Any CPU
		{3A5928F5-DC11-4EDD-931A-6334C027CA3B}.Release|iPhoneSimulator.Build.0 = Release|Any CPU
		{3A5928F5-DC11-4EDD-931A-6334C027CA3B}.Release|iPhoneSimulator.Deploy.0 = Release|Any CPU
		{3A5928F5-DC11-4EDD-931A-6334C027CA3B}.Release|x64.ActiveCfg = Release|Any CPU
		{3A5928F5-DC11-4EDD-931A-6334C027CA3B}.Release|x64.Build.0 = Release|Any CPU
		{3A5928F5-DC11-4EDD-931A-6334C027CA3B}.Release|x64.Deploy.0 = Release|Any CPU
		{3A5928F5-DC11-4EDD-931A-6334C027CA3B}.Release|x86.ActiveCfg = Release|Any CPU
		{3A5928F5-DC11-4EDD-931A-6334C027CA3B}.Release|x86.Build.0 = Release|Any CPU
		{3A5928F5-DC11-4EDD-931A-6334C027CA3B}.Release|x86.Deploy.0 = Release|Any CPU
		{B74E73AD-1207-42C1-A86C-0DC28A85DFD0}.Debug|Any CPU.ActiveCfg = Debug|iPhone
		{B74E73AD-1207-42C1-A86C-0DC28A85DFD0}.Debug|ARM.ActiveCfg = Debug|iPhone
		{B74E73AD-1207-42C1-A86C-0DC28A85DFD0}.Debug|iPhone.ActiveCfg = Debug|iPhone
		{B74E73AD-1207-42C1-A86C-0DC28A85DFD0}.Debug|iPhone.Build.0 = Debug|iPhone
		{B74E73AD-1207-42C1-A86C-0DC28A85DFD0}.Debug|iPhoneSimulator.ActiveCfg = Debug|iPhoneSimulator
		{B74E73AD-1207-42C1-A86C-0DC28A85DFD0}.Debug|iPhoneSimulator.Build.0 = Debug|iPhoneSimulator
		{B74E73AD-1207-42C1-A86C-0DC28A85DFD0}.Debug|x64.ActiveCfg = Debug|iPhone
		{B74E73AD-1207-42C1-A86C-0DC28A85DFD0}.Debug|x86.ActiveCfg = Debug|iPhone
		{B74E73AD-1207-42C1-A86C-0DC28A85DFD0}.Release|Any CPU.ActiveCfg = Release|iPhone
		{B74E73AD-1207-42C1-A86C-0DC28A85DFD0}.Release|ARM.ActiveCfg = Release|iPhone
		{B74E73AD-1207-42C1-A86C-0DC28A85DFD0}.Release|iPhone.ActiveCfg = Release|iPhone
		{B74E73AD-1207-42C1-A86C-0DC28A85DFD0}.Release|iPhone.Build.0 = Release|iPhone
		{B74E73AD-1207-42C1-A86C-0DC28A85DFD0}.Release|iPhoneSimulator.ActiveCfg = Release|iPhoneSimulator
		{B74E73AD-1207-42C1-A86C-0DC28A85DFD0}.Release|iPhoneSimulator.Build.0 = Release|iPhoneSimulator
		{B74E73AD-1207-42C1-A86C-0DC28A85DFD0}.Release|x64.ActiveCfg = Release|iPhone
		{B74E73AD-1207-42C1-A86C-0DC28A85DFD0}.Release|x86.ActiveCfg = Release|iPhone
		{5B101065-4904-4CA7-B2DE-3D88B2C66089}.Debug|Any CPU.ActiveCfg = Debug|x86
		{5B101065-4904-4CA7-B2DE-3D88B2C66089}.Debug|ARM.ActiveCfg = Debug|ARM
		{5B101065-4904-4CA7-B2DE-3D88B2C66089}.Debug|ARM.Build.0 = Debug|ARM
		{5B101065-4904-4CA7-B2DE-3D88B2C66089}.Debug|ARM.Deploy.0 = Debug|ARM
		{5B101065-4904-4CA7-B2DE-3D88B2C66089}.Debug|iPhone.ActiveCfg = Debug|x86
		{5B101065-4904-4CA7-B2DE-3D88B2C66089}.Debug|iPhoneSimulator.ActiveCfg = Debug|x86
		{5B101065-4904-4CA7-B2DE-3D88B2C66089}.Debug|x64.ActiveCfg = Debug|x64
		{5B101065-4904-4CA7-B2DE-3D88B2C66089}.Debug|x64.Build.0 = Debug|x64
		{5B101065-4904-4CA7-B2DE-3D88B2C66089}.Debug|x64.Deploy.0 = Debug|x64
		{5B101065-4904-4CA7-B2DE-3D88B2C66089}.Debug|x86.ActiveCfg = Debug|x86
		{5B101065-4904-4CA7-B2DE-3D88B2C66089}.Debug|x86.Build.0 = Debug|x86
		{5B101065-4904-4CA7-B2DE-3D88B2C66089}.Debug|x86.Deploy.0 = Debug|x86
		{5B101065-4904-4CA7-B2DE-3D88B2C66089}.Release|Any CPU.ActiveCfg = Release|x86
		{5B101065-4904-4CA7-B2DE-3D88B2C66089}.Release|ARM.ActiveCfg = Release|ARM
		{5B101065-4904-4CA7-B2DE-3D88B2C66089}.Release|ARM.Build.0 = Release|ARM
		{5B101065-4904-4CA7-B2DE-3D88B2C66089}.Release|ARM.Deploy.0 = Release|ARM
		{5B101065-4904-4CA7-B2DE-3D88B2C66089}.Release|iPhone.ActiveCfg = Release|x86
		{5B101065-4904-4CA7-B2DE-3D88B2C66089}.Release|iPhoneSimulator.ActiveCfg = Release|x86
		{5B101065-4904-4CA7-B2DE-3D88B2C66089}.Release|x64.ActiveCfg = Release|x64
		{5B101065-4904-4CA7-B2DE-3D88B2C66089}.Release|x64.Build.0 = Release|x64
		{5B101065-4904-4CA7-B2DE-3D88B2C66089}.Release|x64.Deploy.0 = Release|x64
		{5B101065-4904-4CA7-B2DE-3D88B2C66089}.Release|x86.ActiveCfg = Release|x86
		{5B101065-4904-4CA7-B2DE-3D88B2C66089}.Release|x86.Build.0 = Release|x86
		{5B101065-4904-4CA7-B2DE-3D88B2C66089}.Release|x86.Deploy.0 = Release|x86
	EndGlobalSection
	GlobalSection(SolutionProperties) = preSolution
		HideSolutionNode = FALSE
	EndGlobalSection
	GlobalSection(ExtensibilityGlobals) = postSolution
		SolutionGuid = {FA558D02-543B-4376-8104-87F0F5C5E838}
	EndGlobalSection
EndGlobal
